
Microsoft Visual Studio Solution File, Format Version 12.00
# Visual Studio Version 16
VisualStudioVersion = 16.0.31729.503
MinimumVisualStudioVersion = 10.0.40219.1
Project("{FAE04EC0-301F-11D3-BF4B-00C04F79EFBC}") = "ServerConfigRest_101_Raditya Pratama Putra", "ServerConfigRest_101_Raditya Pratama Putra.csproj", "{53069F8E-663C-4D39-BF21-80B80EAD0215}"
EndProject
Global
	GlobalSection(SolutionConfigurationPlatforms) = preSolution
		Debug|Any CPU = Debug|Any CPU
		Release|Any CPU = Release|Any CPU
	EndGlobalSection
	GlobalSection(ProjectConfigurationPlatforms) = postSolution
		{53069F8E-663C-4D39-BF21-80B80EAD0215}.Debug|Any CPU.ActiveCfg = Debug|Any CPU
		{53069F8E-663C-4D39-BF21-80B80EAD0215}.Debug|Any CPU.Build.0 = Debug|Any CPU
		{53069F8E-663C-4D39-BF21-80B80EAD0215}.Release|Any CPU.ActiveCfg = Release|Any CPU
		{53069F8E-663C-4D39-BF21-80B80EAD0215}.Release|Any CPU.Build.0 = Release|Any CPU
	EndGlobalSection
	GlobalSection(SolutionProperties) = preSolution
		HideSolutionNode = FALSE
	EndGlobalSection
	GlobalSection(ExtensibilityGlobals) = postSolution
		SolutionGuid = {FF4C06ED-C579-4B95-AEA3-2E48867B3080}
	EndGlobalSection
EndGlobal
